
Microsoft Visual Studio Solution File, Format Version 12.00
# Visual Studio 15
VisualStudioVersion = 15.0.26730.16
MinimumVisualStudioVersion = 10.0.40219.1
Project("{9A19103F-16F7-4668-BE54-9A1E7A4F7556}") = "Task01", "01\Task01.csproj", "{D6BD4C77-D43F-45A1-8A5B-67722D8FF3C8}"
EndProject
Project("{9A19103F-16F7-4668-BE54-9A1E7A4F7556}") = "Task02", "02\Task02.csproj", "{C518EAB0-8A19-4F59-920E-58C86B8A5D92}"
EndProject
Project("{9A19103F-16F7-4668-BE54-9A1E7A4F7556}") = "Task03", "Task03\Task03.csproj", "{88ABFACF-A4FE-4CA3-8FAF-F01C571E203D}"
EndProject
Project("{FAE04EC0-301F-11D3-BF4B-00C04F79EFBC}") = "Task04", "Task04\Task04.csproj", "{0D97252C-26E5-4FD0-A86E-8C8BAE34E3DF}"
EndProject
Global
	GlobalSection(SolutionConfigurationPlatforms) = preSolution
		Debug|Any CPU = Debug|Any CPU
		Release|Any CPU = Release|Any CPU
	EndGlobalSection
	GlobalSection(ProjectConfigurationPlatforms) = postSolution
		{D6BD4C77-D43F-45A1-8A5B-67722D8FF3C8}.Debug|Any CPU.ActiveCfg = Debug|Any CPU
		{D6BD4C77-D43F-45A1-8A5B-67722D8FF3C8}.Debug|Any CPU.Build.0 = Debug|Any CPU
		{D6BD4C77-D43F-45A1-8A5B-67722D8FF3C8}.Release|Any CPU.ActiveCfg = Release|Any CPU
		{D6BD4C77-D43F-45A1-8A5B-67722D8FF3C8}.Release|Any CPU.Build.0 = Release|Any CPU
		{C518EAB0-8A19-4F59-920E-58C86B8A5D92}.Debug|Any CPU.ActiveCfg = Debug|Any CPU
		{C518EAB0-8A19-4F59-920E-58C86B8A5D92}.Debug|Any CPU.Build.0 = Debug|Any CPU
		{C518EAB0-8A19-4F59-920E-58C86B8A5D92}.Release|Any CPU.ActiveCfg = Release|Any CPU
		{C518EAB0-8A19-4F59-920E-58C86B8A5D92}.Release|Any CPU.Build.0 = Release|Any CPU
		{88ABFACF-A4FE-4CA3-8FAF-F01C571E203D}.Debug|Any CPU.ActiveCfg = Debug|Any CPU
		{88ABFACF-A4FE-4CA3-8FAF-F01C571E203D}.Debug|Any CPU.Build.0 = Debug|Any CPU
		{88ABFACF-A4FE-4CA3-8FAF-F01C571E203D}.Release|Any CPU.ActiveCfg = Release|Any CPU
		{88ABFACF-A4FE-4CA3-8FAF-F01C571E203D}.Release|Any CPU.Build.0 = Release|Any CPU
		{0D97252C-26E5-4FD0-A86E-8C8BAE34E3DF}.Debug|Any CPU.ActiveCfg = Debug|Any CPU
		{0D97252C-26E5-4FD0-A86E-8C8BAE34E3DF}.Debug|Any CPU.Build.0 = Debug|Any CPU
		{0D97252C-26E5-4FD0-A86E-8C8BAE34E3DF}.Release|Any CPU.ActiveCfg = Release|Any CPU
		{0D97252C-26E5-4FD0-A86E-8C8BAE34E3DF}.Release|Any CPU.Build.0 = Release|Any CPU
	EndGlobalSection
	GlobalSection(SolutionProperties) = preSolution
		HideSolutionNode = FALSE
	EndGlobalSection
	GlobalSection(ExtensibilityGlobals) = postSolution
		SolutionGuid = {54DFB607-F379-48D9-B04B-E6AB52B9BA05}
	EndGlobalSection
EndGlobal
