Microsoft Visual Studio Solution File, Format Version 12.00
# Visual Studio 15
VisualStudioVersion = 15.0.26730.16
MinimumVisualStudioVersion = 10.0.40219.1
Project("{9A19103F-16F7-4668-BE54-9A1E7A4F7556}") = "Problem01", "Problem01\Problem01.csproj", "{EB9998C2-AC3B-4ECA-8FD4-4641E4055663}"
EndProject
Project("{9A19103F-16F7-4668-BE54-9A1E7A4F7556}") = "Problem02", "Problem02\Problem02.csproj", "{B668401B-C65A-4413-9226-2311C6030B28}"
EndProject
Project("{9A19103F-16F7-4668-BE54-9A1E7A4F7556}") = "Problem03", "Problem03\Problem03.csproj", "{76C943A0-C55E-44D9-AE2E-8881AADF9736}"
EndProject
Project("{9A19103F-16F7-4668-BE54-9A1E7A4F7556}") = "Problem04", "Problem04\Problem04.csproj", "{947418AF-2FFF-48EC-B04E-FEADF60F8A14}"
EndProject
Project("{9A19103F-16F7-4668-BE54-9A1E7A4F7556}") = "Problem06", "Problem06\Problem06.csproj", "{CE259C74-81E5-4A11-8E32-72625F6A6B70}"
EndProject
Project("{9A19103F-16F7-4668-BE54-9A1E7A4F7556}") = "Problem07", "Problem07\Problem07.csproj", "{512C20CC-1E45-4770-97F0-E9023DD740D6}"
EndProject
Project("{9A19103F-16F7-4668-BE54-9A1E7A4F7556}") = "Problem11", "Problem11\Problem11.csproj", "{68AF1543-D4C3-4D45-B6AD-9727D1008A8B}"
EndProject
Project("{9A19103F-16F7-4668-BE54-9A1E7A4F7556}") = "Problem08", "Problem08\Problem08.csproj", "{99152783-AA01-41DB-9573-F86BDF84EAD7}"
EndProject
Project("{9A19103F-16F7-4668-BE54-9A1E7A4F7556}") = "Problem09", "Problem09\Problem09.csproj", "{E670E316-6158-48C6-80CB-389BBE003741}"
EndProject
Project("{9A19103F-16F7-4668-BE54-9A1E7A4F7556}") = "Problem12", "Problem12\Problem12.csproj", "{76BA2119-811A-407B-8B52-3319479490A8}"
EndProject
Project("{9A19103F-16F7-4668-BE54-9A1E7A4F7556}") = "Problem22", "Problem22\Problem22.csproj", "{C4D6FAC9-3908-4D25-91AA-E1C5163D3F01}"
EndProject
Project("{9A19103F-16F7-4668-BE54-9A1E7A4F7556}") = "Problem29", "Problem29\Problem29.csproj", "{844D2F97-7D5F-45A8-9481-E19395F5FA2F}"
EndProject
Project("{9A19103F-16F7-4668-BE54-9A1E7A4F7556}") = "Problem33", "Problem33\Problem33.csproj", "{942DDF07-917D-4D87-B687-6E4D1911B645}"
EndProject
Project("{9A19103F-16F7-4668-BE54-9A1E7A4F7556}") = "Tests", "Tests\Tests.csproj", "{444ACD1A-274D-4910-BD54-FD3045667A2E}"
EndProject
Project("{9A19103F-16F7-4668-BE54-9A1E7A4F7556}") = "Problem50", "Problem50\Problem50.csproj", "{358A7DB5-C09C-41E3-BA55-8F0B02C8C1B6}"
EndProject
Project("{9A19103F-16F7-4668-BE54-9A1E7A4F7556}") = "Problem63", "Problem63\Problem63.csproj", "{3A4584E6-48FA-455F-95BD-71F5EB3D2953}"
EndProject
Project("{9A19103F-16F7-4668-BE54-9A1E7A4F7556}") = "Problem62", "Problem62\Problem62.csproj", "{B0E71CB1-13E4-4A08-AE19-DB1458C8B680}"
EndProject
Project("{9A19103F-16F7-4668-BE54-9A1E7A4F7556}") = "Problem70", "Problem70\Problem70.csproj", "{B6281C3E-D656-43C0-A6F8-2CE855F3C42B}"
EndProject
Project("{9A19103F-16F7-4668-BE54-9A1E7A4F7556}") = "Problem69", "Problem69\Problem69.csproj", "{73879F8B-295A-48E7-958C-BE46B245135F}"
EndProject
Project("{9A19103F-16F7-4668-BE54-9A1E7A4F7556}") = "Problem61", "Problem61\Problem61.csproj", "{387221FE-0FDE-4803-B82F-38F8F8359252}"
EndProject
Project("{9A19103F-16F7-4668-BE54-9A1E7A4F7556}") = "Problem26", "Problem26\Problem26.csproj", "{681D0D1C-77B1-4A09-8FA2-2D54E9C64760}"
EndProject
Project("{9A19103F-16F7-4668-BE54-9A1E7A4F7556}") = "Problem77", "Problem77\Problem77.csproj", "{864760DE-F227-45B2-B3AE-B13C17CF4F57}"
EndProject
Project("{9A19103F-16F7-4668-BE54-9A1E7A4F7556}") = "Problem74", "Problem74\Problem74.csproj", "{D4F7E71C-6AF1-4430-80C9-D09CE06A8487}"
EndProject
Project("{9A19103F-16F7-4668-BE54-9A1E7A4F7556}") = "Problem40", "Problem40\Problem40.csproj", "{8D0857B9-7DA2-43F9-9C52-584A177FD384}"
EndProject
Project("{9A19103F-16F7-4668-BE54-9A1E7A4F7556}") = "Problem73", "Problem73\Problem73.csproj", "{EBBED069-6DE7-4B10-8EE6-00E4C43EA7A1}"
EndProject
Project("{9A19103F-16F7-4668-BE54-9A1E7A4F7556}") = "Problem78", "Problem78\Problem78.csproj", "{1A2CE0B5-BF71-4432-B0C1-D67FF54F7D05}"
EndProject
Project("{9A19103F-16F7-4668-BE54-9A1E7A4F7556}") = "Problem16", "Problem16\Problem16.csproj", "{665AFDC1-0DAC-483B-BE22-14DCD3841324}"
EndProject
Project("{9A19103F-16F7-4668-BE54-9A1E7A4F7556}") = "Problem75", "Problem75\Problem75.csproj", "{C45510CC-6247-4700-B162-B2DF783E9A44}"
EndProject
Project("{9A19103F-16F7-4668-BE54-9A1E7A4F7556}") = "Problem83", "Problem83\Problem83.csproj", "{E54E70B2-5988-4794-AAF3-EA9267A8F6BC}"
EndProject
Project("{9A19103F-16F7-4668-BE54-9A1E7A4F7556}") = "Problem82", "Problem82\Problem82.csproj", "{CE37FEA5-A451-49B2-B88C-D31C53324D30}"
EndProject
Project("{9A19103F-16F7-4668-BE54-9A1E7A4F7556}") = "Problem81", "Problem81\Problem81.csproj", "{C2B29A2E-9C2E-42C1-8D50-0124E3E1F048}"
EndProject
Project("{9A19103F-16F7-4668-BE54-9A1E7A4F7556}") = "Problem85", "Problem85\Problem85.csproj", "{EE4F647A-7D33-43C5-AB1C-150588796B9C}"
EndProject
Project("{9A19103F-16F7-4668-BE54-9A1E7A4F7556}") = "Problem80", "Problem80\Problem80.csproj", "{B0C2177D-FC52-4F99-9F1F-7219B8965ACC}"
EndProject
Project("{FAE04EC0-301F-11D3-BF4B-00C04F79EFBC}") = "Problem89", "Problem89\Problem89.csproj", "{656F80F1-6ADE-40BF-B3BA-57D02624BFE1}"
EndProject
Global
	GlobalSection(SolutionConfigurationPlatforms) = preSolution
		Debug|Any CPU = Debug|Any CPU
		Release|Any CPU = Release|Any CPU
	EndGlobalSection
	GlobalSection(ProjectConfigurationPlatforms) = postSolution
		{EB9998C2-AC3B-4ECA-8FD4-4641E4055663}.Debug|Any CPU.ActiveCfg = Debug|Any CPU
		{EB9998C2-AC3B-4ECA-8FD4-4641E4055663}.Debug|Any CPU.Build.0 = Debug|Any CPU
		{EB9998C2-AC3B-4ECA-8FD4-4641E4055663}.Release|Any CPU.ActiveCfg = Release|Any CPU
		{EB9998C2-AC3B-4ECA-8FD4-4641E4055663}.Release|Any CPU.Build.0 = Release|Any CPU
		{B668401B-C65A-4413-9226-2311C6030B28}.Debug|Any CPU.ActiveCfg = Debug|Any CPU
		{B668401B-C65A-4413-9226-2311C6030B28}.Debug|Any CPU.Build.0 = Debug|Any CPU
		{B668401B-C65A-4413-9226-2311C6030B28}.Release|Any CPU.ActiveCfg = Release|Any CPU
		{B668401B-C65A-4413-9226-2311C6030B28}.Release|Any CPU.Build.0 = Release|Any CPU
		{76C943A0-C55E-44D9-AE2E-8881AADF9736}.Debug|Any CPU.ActiveCfg = Debug|Any CPU
		{76C943A0-C55E-44D9-AE2E-8881AADF9736}.Debug|Any CPU.Build.0 = Debug|Any CPU
		{76C943A0-C55E-44D9-AE2E-8881AADF9736}.Release|Any CPU.ActiveCfg = Release|Any CPU
		{76C943A0-C55E-44D9-AE2E-8881AADF9736}.Release|Any CPU.Build.0 = Release|Any CPU
		{947418AF-2FFF-48EC-B04E-FEADF60F8A14}.Debug|Any CPU.ActiveCfg = Debug|Any CPU
		{947418AF-2FFF-48EC-B04E-FEADF60F8A14}.Debug|Any CPU.Build.0 = Debug|Any CPU
		{947418AF-2FFF-48EC-B04E-FEADF60F8A14}.Release|Any CPU.ActiveCfg = Release|Any CPU
		{947418AF-2FFF-48EC-B04E-FEADF60F8A14}.Release|Any CPU.Build.0 = Release|Any CPU
		{CE259C74-81E5-4A11-8E32-72625F6A6B70}.Debug|Any CPU.ActiveCfg = Debug|Any CPU
		{CE259C74-81E5-4A11-8E32-72625F6A6B70}.Debug|Any CPU.Build.0 = Debug|Any CPU
		{CE259C74-81E5-4A11-8E32-72625F6A6B70}.Release|Any CPU.ActiveCfg = Release|Any CPU
		{CE259C74-81E5-4A11-8E32-72625F6A6B70}.Release|Any CPU.Build.0 = Release|Any CPU
		{512C20CC-1E45-4770-97F0-E9023DD740D6}.Debug|Any CPU.ActiveCfg = Debug|Any CPU
		{512C20CC-1E45-4770-97F0-E9023DD740D6}.Debug|Any CPU.Build.0 = Debug|Any CPU
		{512C20CC-1E45-4770-97F0-E9023DD740D6}.Release|Any CPU.ActiveCfg = Release|Any CPU
		{512C20CC-1E45-4770-97F0-E9023DD740D6}.Release|Any CPU.Build.0 = Release|Any CPU
		{68AF1543-D4C3-4D45-B6AD-9727D1008A8B}.Debug|Any CPU.ActiveCfg = Debug|Any CPU
		{68AF1543-D4C3-4D45-B6AD-9727D1008A8B}.Debug|Any CPU.Build.0 = Debug|Any CPU
		{68AF1543-D4C3-4D45-B6AD-9727D1008A8B}.Release|Any CPU.ActiveCfg = Release|Any CPU
		{68AF1543-D4C3-4D45-B6AD-9727D1008A8B}.Release|Any CPU.Build.0 = Release|Any CPU
		{99152783-AA01-41DB-9573-F86BDF84EAD7}.Debug|Any CPU.ActiveCfg = Debug|Any CPU
		{99152783-AA01-41DB-9573-F86BDF84EAD7}.Debug|Any CPU.Build.0 = Debug|Any CPU
		{99152783-AA01-41DB-9573-F86BDF84EAD7}.Release|Any CPU.ActiveCfg = Release|Any CPU
		{99152783-AA01-41DB-9573-F86BDF84EAD7}.Release|Any CPU.Build.0 = Release|Any CPU
		{E670E316-6158-48C6-80CB-389BBE003741}.Debug|Any CPU.ActiveCfg = Debug|Any CPU
		{E670E316-6158-48C6-80CB-389BBE003741}.Debug|Any CPU.Build.0 = Debug|Any CPU
		{E670E316-6158-48C6-80CB-389BBE003741}.Release|Any CPU.ActiveCfg = Release|Any CPU
		{E670E316-6158-48C6-80CB-389BBE003741}.Release|Any CPU.Build.0 = Release|Any CPU
		{76BA2119-811A-407B-8B52-3319479490A8}.Debug|Any CPU.ActiveCfg = Debug|Any CPU
		{76BA2119-811A-407B-8B52-3319479490A8}.Debug|Any CPU.Build.0 = Debug|Any CPU
		{76BA2119-811A-407B-8B52-3319479490A8}.Release|Any CPU.ActiveCfg = Release|Any CPU
		{76BA2119-811A-407B-8B52-3319479490A8}.Release|Any CPU.Build.0 = Release|Any CPU
		{C4D6FAC9-3908-4D25-91AA-E1C5163D3F01}.Debug|Any CPU.ActiveCfg = Debug|Any CPU
		{C4D6FAC9-3908-4D25-91AA-E1C5163D3F01}.Debug|Any CPU.Build.0 = Debug|Any CPU
		{C4D6FAC9-3908-4D25-91AA-E1C5163D3F01}.Release|Any CPU.ActiveCfg = Release|Any CPU
		{C4D6FAC9-3908-4D25-91AA-E1C5163D3F01}.Release|Any CPU.Build.0 = Release|Any CPU
		{844D2F97-7D5F-45A8-9481-E19395F5FA2F}.Debug|Any CPU.ActiveCfg = Debug|Any CPU
		{844D2F97-7D5F-45A8-9481-E19395F5FA2F}.Debug|Any CPU.Build.0 = Debug|Any CPU
		{844D2F97-7D5F-45A8-9481-E19395F5FA2F}.Release|Any CPU.ActiveCfg = Release|Any CPU
		{844D2F97-7D5F-45A8-9481-E19395F5FA2F}.Release|Any CPU.Build.0 = Release|Any CPU
		{942DDF07-917D-4D87-B687-6E4D1911B645}.Debug|Any CPU.ActiveCfg = Debug|Any CPU
		{942DDF07-917D-4D87-B687-6E4D1911B645}.Debug|Any CPU.Build.0 = Debug|Any CPU
		{942DDF07-917D-4D87-B687-6E4D1911B645}.Release|Any CPU.ActiveCfg = Release|Any CPU
		{942DDF07-917D-4D87-B687-6E4D1911B645}.Release|Any CPU.Build.0 = Release|Any CPU
		{444ACD1A-274D-4910-BD54-FD3045667A2E}.Debug|Any CPU.ActiveCfg = Debug|Any CPU
		{444ACD1A-274D-4910-BD54-FD3045667A2E}.Debug|Any CPU.Build.0 = Debug|Any CPU
		{444ACD1A-274D-4910-BD54-FD3045667A2E}.Release|Any CPU.ActiveCfg = Release|Any CPU
		{444ACD1A-274D-4910-BD54-FD3045667A2E}.Release|Any CPU.Build.0 = Release|Any CPU
		{358A7DB5-C09C-41E3-BA55-8F0B02C8C1B6}.Debug|Any CPU.ActiveCfg = Debug|Any CPU
		{358A7DB5-C09C-41E3-BA55-8F0B02C8C1B6}.Debug|Any CPU.Build.0 = Debug|Any CPU
		{358A7DB5-C09C-41E3-BA55-8F0B02C8C1B6}.Release|Any CPU.ActiveCfg = Release|Any CPU
		{358A7DB5-C09C-41E3-BA55-8F0B02C8C1B6}.Release|Any CPU.Build.0 = Release|Any CPU
		{3A4584E6-48FA-455F-95BD-71F5EB3D2953}.Debug|Any CPU.ActiveCfg = Debug|Any CPU
		{3A4584E6-48FA-455F-95BD-71F5EB3D2953}.Debug|Any CPU.Build.0 = Debug|Any CPU
		{3A4584E6-48FA-455F-95BD-71F5EB3D2953}.Release|Any CPU.ActiveCfg = Release|Any CPU
		{3A4584E6-48FA-455F-95BD-71F5EB3D2953}.Release|Any CPU.Build.0 = Release|Any CPU
		{B0E71CB1-13E4-4A08-AE19-DB1458C8B680}.Debug|Any CPU.ActiveCfg = Debug|Any CPU
		{B0E71CB1-13E4-4A08-AE19-DB1458C8B680}.Debug|Any CPU.Build.0 = Debug|Any CPU
		{B0E71CB1-13E4-4A08-AE19-DB1458C8B680}.Release|Any CPU.ActiveCfg = Release|Any CPU
		{B0E71CB1-13E4-4A08-AE19-DB1458C8B680}.Release|Any CPU.Build.0 = Release|Any CPU
		{B6281C3E-D656-43C0-A6F8-2CE855F3C42B}.Debug|Any CPU.ActiveCfg = Debug|Any CPU
		{B6281C3E-D656-43C0-A6F8-2CE855F3C42B}.Debug|Any CPU.Build.0 = Debug|Any CPU
		{B6281C3E-D656-43C0-A6F8-2CE855F3C42B}.Release|Any CPU.ActiveCfg = Release|Any CPU
		{B6281C3E-D656-43C0-A6F8-2CE855F3C42B}.Release|Any CPU.Build.0 = Release|Any CPU
		{73879F8B-295A-48E7-958C-BE46B245135F}.Debug|Any CPU.ActiveCfg = Debug|Any CPU
		{73879F8B-295A-48E7-958C-BE46B245135F}.Debug|Any CPU.Build.0 = Debug|Any CPU
		{73879F8B-295A-48E7-958C-BE46B245135F}.Release|Any CPU.ActiveCfg = Release|Any CPU
		{73879F8B-295A-48E7-958C-BE46B245135F}.Release|Any CPU.Build.0 = Release|Any CPU
		{387221FE-0FDE-4803-B82F-38F8F8359252}.Debug|Any CPU.ActiveCfg = Debug|Any CPU
		{387221FE-0FDE-4803-B82F-38F8F8359252}.Debug|Any CPU.Build.0 = Debug|Any CPU
		{387221FE-0FDE-4803-B82F-38F8F8359252}.Release|Any CPU.ActiveCfg = Release|Any CPU
		{387221FE-0FDE-4803-B82F-38F8F8359252}.Release|Any CPU.Build.0 = Release|Any CPU
		{681D0D1C-77B1-4A09-8FA2-2D54E9C64760}.Debug|Any CPU.ActiveCfg = Debug|Any CPU
		{681D0D1C-77B1-4A09-8FA2-2D54E9C64760}.Debug|Any CPU.Build.0 = Debug|Any CPU
		{681D0D1C-77B1-4A09-8FA2-2D54E9C64760}.Release|Any CPU.ActiveCfg = Release|Any CPU
		{681D0D1C-77B1-4A09-8FA2-2D54E9C64760}.Release|Any CPU.Build.0 = Release|Any CPU
		{864760DE-F227-45B2-B3AE-B13C17CF4F57}.Debug|Any CPU.ActiveCfg = Debug|Any CPU
		{864760DE-F227-45B2-B3AE-B13C17CF4F57}.Debug|Any CPU.Build.0 = Debug|Any CPU
		{864760DE-F227-45B2-B3AE-B13C17CF4F57}.Release|Any CPU.ActiveCfg = Release|Any CPU
		{864760DE-F227-45B2-B3AE-B13C17CF4F57}.Release|Any CPU.Build.0 = Release|Any CPU
		{D4F7E71C-6AF1-4430-80C9-D09CE06A8487}.Debug|Any CPU.ActiveCfg = Debug|Any CPU
		{D4F7E71C-6AF1-4430-80C9-D09CE06A8487}.Debug|Any CPU.Build.0 = Debug|Any CPU
		{D4F7E71C-6AF1-4430-80C9-D09CE06A8487}.Release|Any CPU.ActiveCfg = Release|Any CPU
		{D4F7E71C-6AF1-4430-80C9-D09CE06A8487}.Release|Any CPU.Build.0 = Release|Any CPU
		{8D0857B9-7DA2-43F9-9C52-584A177FD384}.Debug|Any CPU.ActiveCfg = Debug|Any CPU
		{8D0857B9-7DA2-43F9-9C52-584A177FD384}.Debug|Any CPU.Build.0 = Debug|Any CPU
		{8D0857B9-7DA2-43F9-9C52-584A177FD384}.Release|Any CPU.ActiveCfg = Release|Any CPU
		{8D0857B9-7DA2-43F9-9C52-584A177FD384}.Release|Any CPU.Build.0 = Release|Any CPU
		{EBBED069-6DE7-4B10-8EE6-00E4C43EA7A1}.Debug|Any CPU.ActiveCfg = Debug|Any CPU
		{EBBED069-6DE7-4B10-8EE6-00E4C43EA7A1}.Debug|Any CPU.Build.0 = Debug|Any CPU
		{EBBED069-6DE7-4B10-8EE6-00E4C43EA7A1}.Release|Any CPU.ActiveCfg = Release|Any CPU
		{EBBED069-6DE7-4B10-8EE6-00E4C43EA7A1}.Release|Any CPU.Build.0 = Release|Any CPU
		{1A2CE0B5-BF71-4432-B0C1-D67FF54F7D05}.Debug|Any CPU.ActiveCfg = Debug|Any CPU
		{1A2CE0B5-BF71-4432-B0C1-D67FF54F7D05}.Debug|Any CPU.Build.0 = Debug|Any CPU
		{1A2CE0B5-BF71-4432-B0C1-D67FF54F7D05}.Release|Any CPU.ActiveCfg = Release|Any CPU
		{1A2CE0B5-BF71-4432-B0C1-D67FF54F7D05}.Release|Any CPU.Build.0 = Release|Any CPU
		{665AFDC1-0DAC-483B-BE22-14DCD3841324}.Debug|Any CPU.ActiveCfg = Debug|Any CPU
		{665AFDC1-0DAC-483B-BE22-14DCD3841324}.Debug|Any CPU.Build.0 = Debug|Any CPU
		{665AFDC1-0DAC-483B-BE22-14DCD3841324}.Release|Any CPU.ActiveCfg = Release|Any CPU
		{665AFDC1-0DAC-483B-BE22-14DCD3841324}.Release|Any CPU.Build.0 = Release|Any CPU
		{C45510CC-6247-4700-B162-B2DF783E9A44}.Debug|Any CPU.ActiveCfg = Debug|Any CPU
		{C45510CC-6247-4700-B162-B2DF783E9A44}.Debug|Any CPU.Build.0 = Debug|Any CPU
		{C45510CC-6247-4700-B162-B2DF783E9A44}.Release|Any CPU.ActiveCfg = Release|Any CPU
		{C45510CC-6247-4700-B162-B2DF783E9A44}.Release|Any CPU.Build.0 = Release|Any CPU
		{E54E70B2-5988-4794-AAF3-EA9267A8F6BC}.Debug|Any CPU.ActiveCfg = Debug|Any CPU
		{E54E70B2-5988-4794-AAF3-EA9267A8F6BC}.Debug|Any CPU.Build.0 = Debug|Any CPU
		{E54E70B2-5988-4794-AAF3-EA9267A8F6BC}.Release|Any CPU.ActiveCfg = Release|Any CPU
		{E54E70B2-5988-4794-AAF3-EA9267A8F6BC}.Release|Any CPU.Build.0 = Release|Any CPU
		{CE37FEA5-A451-49B2-B88C-D31C53324D30}.Debug|Any CPU.ActiveCfg = Debug|Any CPU
		{CE37FEA5-A451-49B2-B88C-D31C53324D30}.Debug|Any CPU.Build.0 = Debug|Any CPU
		{CE37FEA5-A451-49B2-B88C-D31C53324D30}.Release|Any CPU.ActiveCfg = Release|Any CPU
		{CE37FEA5-A451-49B2-B88C-D31C53324D30}.Release|Any CPU.Build.0 = Release|Any CPU
		{C2B29A2E-9C2E-42C1-8D50-0124E3E1F048}.Debug|Any CPU.ActiveCfg = Debug|Any CPU
		{C2B29A2E-9C2E-42C1-8D50-0124E3E1F048}.Debug|Any CPU.Build.0 = Debug|Any CPU
		{C2B29A2E-9C2E-42C1-8D50-0124E3E1F048}.Release|Any CPU.ActiveCfg = Release|Any CPU
		{C2B29A2E-9C2E-42C1-8D50-0124E3E1F048}.Release|Any CPU.Build.0 = Release|Any CPU
		{EE4F647A-7D33-43C5-AB1C-150588796B9C}.Debug|Any CPU.ActiveCfg = Debug|Any CPU
		{EE4F647A-7D33-43C5-AB1C-150588796B9C}.Debug|Any CPU.Build.0 = Debug|Any CPU
		{EE4F647A-7D33-43C5-AB1C-150588796B9C}.Release|Any CPU.ActiveCfg = Release|Any CPU
		{EE4F647A-7D33-43C5-AB1C-150588796B9C}.Release|Any CPU.Build.0 = Release|Any CPU
		{B0C2177D-FC52-4F99-9F1F-7219B8965ACC}.Debug|Any CPU.ActiveCfg = Debug|Any CPU
		{B0C2177D-FC52-4F99-9F1F-7219B8965ACC}.Debug|Any CPU.Build.0 = Debug|Any CPU
		{B0C2177D-FC52-4F99-9F1F-7219B8965ACC}.Release|Any CPU.ActiveCfg = Release|Any CPU
		{B0C2177D-FC52-4F99-9F1F-7219B8965ACC}.Release|Any CPU.Build.0 = Release|Any CPU
		{656F80F1-6ADE-40BF-B3BA-57D02624BFE1}.Debug|Any CPU.ActiveCfg = Debug|Any CPU
		{656F80F1-6ADE-40BF-B3BA-57D02624BFE1}.Debug|Any CPU.Build.0 = Debug|Any CPU
		{656F80F1-6ADE-40BF-B3BA-57D02624BFE1}.Release|Any CPU.ActiveCfg = Release|Any CPU
		{656F80F1-6ADE-40BF-B3BA-57D02624BFE1}.Release|Any CPU.Build.0 = Release|Any CPU
	EndGlobalSection
	GlobalSection(SolutionProperties) = preSolution
		HideSolutionNode = FALSE
	EndGlobalSection
	GlobalSection(ExtensibilityGlobals) = postSolution
		SolutionGuid = {EEE9607B-CEBA-41FD-98EF-30C837428235}
	EndGlobalSection
EndGlobal
