
Microsoft Visual Studio Solution File, Format Version 12.00
# Visual Studio 15
VisualStudioVersion = 15.0.26730.16
MinimumVisualStudioVersion = 10.0.40219.1
Project("{9A19103F-16F7-4668-BE54-9A1E7A4F7556}") = "Problem01", "Problem01\Problem01.csproj", "{EB9998C2-AC3B-4ECA-8FD4-4641E4055663}"
EndProject
Project("{9A19103F-16F7-4668-BE54-9A1E7A4F7556}") = "Problem02", "Problem02\Problem02.csproj", "{B668401B-C65A-4413-9226-2311C6030B28}"
EndProject
Project("{9A19103F-16F7-4668-BE54-9A1E7A4F7556}") = "Problem03", "Problem03\Problem03.csproj", "{76C943A0-C55E-44D9-AE2E-8881AADF9736}"
EndProject
Project("{9A19103F-16F7-4668-BE54-9A1E7A4F7556}") = "Problem04", "Problem04\Problem04.csproj", "{947418AF-2FFF-48EC-B04E-FEADF60F8A14}"
EndProject
Project("{9A19103F-16F7-4668-BE54-9A1E7A4F7556}") = "Problem06", "Problem06\Problem06.csproj", "{CE259C74-81E5-4A11-8E32-72625F6A6B70}"
EndProject
Project("{9A19103F-16F7-4668-BE54-9A1E7A4F7556}") = "Problem07", "Problem07\Problem07.csproj", "{512C20CC-1E45-4770-97F0-E9023DD740D6}"
EndProject
Global
	GlobalSection(SolutionConfigurationPlatforms) = preSolution
		Debug|Any CPU = Debug|Any CPU
		Release|Any CPU = Release|Any CPU
	EndGlobalSection
	GlobalSection(ProjectConfigurationPlatforms) = postSolution
		{EB9998C2-AC3B-4ECA-8FD4-4641E4055663}.Debug|Any CPU.ActiveCfg = Debug|Any CPU
		{EB9998C2-AC3B-4ECA-8FD4-4641E4055663}.Debug|Any CPU.Build.0 = Debug|Any CPU
		{EB9998C2-AC3B-4ECA-8FD4-4641E4055663}.Release|Any CPU.ActiveCfg = Release|Any CPU
		{EB9998C2-AC3B-4ECA-8FD4-4641E4055663}.Release|Any CPU.Build.0 = Release|Any CPU
		{B668401B-C65A-4413-9226-2311C6030B28}.Debug|Any CPU.ActiveCfg = Debug|Any CPU
		{B668401B-C65A-4413-9226-2311C6030B28}.Debug|Any CPU.Build.0 = Debug|Any CPU
		{B668401B-C65A-4413-9226-2311C6030B28}.Release|Any CPU.ActiveCfg = Release|Any CPU
		{B668401B-C65A-4413-9226-2311C6030B28}.Release|Any CPU.Build.0 = Release|Any CPU
		{76C943A0-C55E-44D9-AE2E-8881AADF9736}.Debug|Any CPU.ActiveCfg = Debug|Any CPU
		{76C943A0-C55E-44D9-AE2E-8881AADF9736}.Debug|Any CPU.Build.0 = Debug|Any CPU
		{76C943A0-C55E-44D9-AE2E-8881AADF9736}.Release|Any CPU.ActiveCfg = Release|Any CPU
		{76C943A0-C55E-44D9-AE2E-8881AADF9736}.Release|Any CPU.Build.0 = Release|Any CPU
		{947418AF-2FFF-48EC-B04E-FEADF60F8A14}.Debug|Any CPU.ActiveCfg = Debug|Any CPU
		{947418AF-2FFF-48EC-B04E-FEADF60F8A14}.Debug|Any CPU.Build.0 = Debug|Any CPU
		{947418AF-2FFF-48EC-B04E-FEADF60F8A14}.Release|Any CPU.ActiveCfg = Release|Any CPU
		{947418AF-2FFF-48EC-B04E-FEADF60F8A14}.Release|Any CPU.Build.0 = Release|Any CPU
		{CE259C74-81E5-4A11-8E32-72625F6A6B70}.Debug|Any CPU.ActiveCfg = Debug|Any CPU
		{CE259C74-81E5-4A11-8E32-72625F6A6B70}.Debug|Any CPU.Build.0 = Debug|Any CPU
		{CE259C74-81E5-4A11-8E32-72625F6A6B70}.Release|Any CPU.ActiveCfg = Release|Any CPU
		{CE259C74-81E5-4A11-8E32-72625F6A6B70}.Release|Any CPU.Build.0 = Release|Any CPU
		{512C20CC-1E45-4770-97F0-E9023DD740D6}.Debug|Any CPU.ActiveCfg = Debug|Any CPU
		{512C20CC-1E45-4770-97F0-E9023DD740D6}.Debug|Any CPU.Build.0 = Debug|Any CPU
		{512C20CC-1E45-4770-97F0-E9023DD740D6}.Release|Any CPU.ActiveCfg = Release|Any CPU
		{512C20CC-1E45-4770-97F0-E9023DD740D6}.Release|Any CPU.Build.0 = Release|Any CPU
	EndGlobalSection
	GlobalSection(SolutionProperties) = preSolution
		HideSolutionNode = FALSE
	EndGlobalSection
	GlobalSection(ExtensibilityGlobals) = postSolution
		SolutionGuid = {EEE9607B-CEBA-41FD-98EF-30C837428235}
	EndGlobalSection
EndGlobal
